
Microsoft Visual Studio Solution File, Format Version 12.00
# Visual Studio Version 16
VisualStudioVersion = 16.0.30503.244
MinimumVisualStudioVersion = 10.0.40219.1
Project("{9A19103F-16F7-4668-BE54-9A1E7A4F7556}") = "pipelines-dotnet-core", "pipelines-dotnet-core.csproj", "{686D7EE2-972A-4A62-B7A8-A010BE3120E4}"
EndProject
Project("{FAE04EC0-301F-11D3-BF4B-00C04F79EFBC}") = "XUnitTestProject1", "..\XUnitTestProject1\XUnitTestProject1.csproj", "{3E4EA584-0FEC-4D2C-857D-D51E0DD1813D}"
EndProject
Global
	GlobalSection(SolutionConfigurationPlatforms) = preSolution
		Debug|Any CPU = Debug|Any CPU
		Release|Any CPU = Release|Any CPU
	EndGlobalSection
	GlobalSection(ProjectConfigurationPlatforms) = postSolution
		{686D7EE2-972A-4A62-B7A8-A010BE3120E4}.Debug|Any CPU.ActiveCfg = Debug|Any CPU
		{686D7EE2-972A-4A62-B7A8-A010BE3120E4}.Debug|Any CPU.Build.0 = Debug|Any CPU
		{686D7EE2-972A-4A62-B7A8-A010BE3120E4}.Release|Any CPU.ActiveCfg = Release|Any CPU
		{686D7EE2-972A-4A62-B7A8-A010BE3120E4}.Release|Any CPU.Build.0 = Release|Any CPU
		{3E4EA584-0FEC-4D2C-857D-D51E0DD1813D}.Debug|Any CPU.ActiveCfg = Debug|Any CPU
		{3E4EA584-0FEC-4D2C-857D-D51E0DD1813D}.Debug|Any CPU.Build.0 = Debug|Any CPU
		{3E4EA584-0FEC-4D2C-857D-D51E0DD1813D}.Release|Any CPU.ActiveCfg = Release|Any CPU
		{3E4EA584-0FEC-4D2C-857D-D51E0DD1813D}.Release|Any CPU.Build.0 = Release|Any CPU
	EndGlobalSection
	GlobalSection(SolutionProperties) = preSolution
		HideSolutionNode = FALSE
	EndGlobalSection
	GlobalSection(ExtensibilityGlobals) = postSolution
		SolutionGuid = {78C18937-B3CD-46D2-94A3-391FACF41C6A}
	EndGlobalSection
EndGlobal
